
Microsoft Visual Studio Solution File, Format Version 12.00
# Visual Studio 15
VisualStudioVersion = 15.0.28307.102
MinimumVisualStudioVersion = 10.0.40219.1
Project("{FAE04EC0-301F-11D3-BF4B-00C04F79EFBC}") = "StorageConsole", "StorageConsole\StorageConsole.csproj", "{09952178-035D-470F-971C-48B87F68BC51}"
EndProject
Global
	GlobalSection(SolutionConfigurationPlatforms) = preSolution
		Debug|Any CPU = Debug|Any CPU
		Release|Any CPU = Release|Any CPU
	EndGlobalSection
	GlobalSection(ProjectConfigurationPlatforms) = postSolution
		{09952178-035D-470F-971C-48B87F68BC51}.Debug|Any CPU.ActiveCfg = Debug|Any CPU
		{09952178-035D-470F-971C-48B87F68BC51}.Debug|Any CPU.Build.0 = Debug|Any CPU
		{09952178-035D-470F-971C-48B87F68BC51}.Release|Any CPU.ActiveCfg = Release|Any CPU
		{09952178-035D-470F-971C-48B87F68BC51}.Release|Any CPU.Build.0 = Release|Any CPU
	EndGlobalSection
	GlobalSection(SolutionProperties) = preSolution
		HideSolutionNode = FALSE
	EndGlobalSection
	GlobalSection(ExtensibilityGlobals) = postSolution
		SolutionGuid = {D7A9A96C-6AA1-4EAA-8A9A-47A9132C0923}
	EndGlobalSection
EndGlobal
